
Microsoft Visual Studio Solution File, Format Version 12.00
# Visual Studio Version 17
VisualStudioVersion = 17.3.32929.385
MinimumVisualStudioVersion = 10.0.40219.1
Project("{FAE04EC0-301F-11D3-BF4B-00C04F79EFBC}") = "MyTurkcellCoreMVC101Project.Web", "MyTurkcellCoreMVC101Project.Web\MyTurkcellCoreMVC101Project.Web.csproj", "{12E23467-0B4E-490B-AE94-6FF035FA8FA1}"
EndProject
Global
	GlobalSection(SolutionConfigurationPlatforms) = preSolution
		Debug|Any CPU = Debug|Any CPU
		Release|Any CPU = Release|Any CPU
	EndGlobalSection
	GlobalSection(ProjectConfigurationPlatforms) = postSolution
		{12E23467-0B4E-490B-AE94-6FF035FA8FA1}.Debug|Any CPU.ActiveCfg = Debug|Any CPU
		{12E23467-0B4E-490B-AE94-6FF035FA8FA1}.Debug|Any CPU.Build.0 = Debug|Any CPU
		{12E23467-0B4E-490B-AE94-6FF035FA8FA1}.Release|Any CPU.ActiveCfg = Release|Any CPU
		{12E23467-0B4E-490B-AE94-6FF035FA8FA1}.Release|Any CPU.Build.0 = Release|Any CPU
	EndGlobalSection
	GlobalSection(SolutionProperties) = preSolution
		HideSolutionNode = FALSE
	EndGlobalSection
	GlobalSection(ExtensibilityGlobals) = postSolution
		SolutionGuid = {C7F03DE7-E8EE-4F9C-BB2A-B29FC6E98D56}
	EndGlobalSection
EndGlobal
